
Microsoft Visual Studio Solution File, Format Version 12.00
# Visual Studio Version 16
VisualStudioVersion = 16.0.31729.503
MinimumVisualStudioVersion = 10.0.40219.1
Project("{FAE04EC0-301F-11D3-BF4B-00C04F79EFBC}") = "SudokuGame", "SudokuGame\SudokuGame.csproj", "{61258724-6118-4ADE-BEC5-8E5103BE4077}"
EndProject
Global
	GlobalSection(SolutionConfigurationPlatforms) = preSolution
		Debug|Any CPU = Debug|Any CPU
		Release|Any CPU = Release|Any CPU
	EndGlobalSection
	GlobalSection(ProjectConfigurationPlatforms) = postSolution
		{61258724-6118-4ADE-BEC5-8E5103BE4077}.Debug|Any CPU.ActiveCfg = Debug|Any CPU
		{61258724-6118-4ADE-BEC5-8E5103BE4077}.Debug|Any CPU.Build.0 = Debug|Any CPU
		{61258724-6118-4ADE-BEC5-8E5103BE4077}.Release|Any CPU.ActiveCfg = Release|Any CPU
		{61258724-6118-4ADE-BEC5-8E5103BE4077}.Release|Any CPU.Build.0 = Release|Any CPU
	EndGlobalSection
	GlobalSection(SolutionProperties) = preSolution
		HideSolutionNode = FALSE
	EndGlobalSection
	GlobalSection(ExtensibilityGlobals) = postSolution
		SolutionGuid = {F9F6B435-1A1C-4F23-A199-2D8E172D2BE6}
	EndGlobalSection
EndGlobal
